
Microsoft Visual Studio Solution File, Format Version 12.00
# Visual Studio Version 17
VisualStudioVersion = 17.7.34031.279
MinimumVisualStudioVersion = 10.0.40219.1
Project("{9A19103F-16F7-4668-BE54-9A1E7A4F7556}") = "Tests", "src\Tests\AsepriteDebuggerTest\Tests.csproj", "{3B73104E-85C5-4DD3-BD43-056DD9FAC543}"
EndProject
Project("{9A19103F-16F7-4668-BE54-9A1E7A4F7556}") = "PrepareAseprite", "src\Tests\PrepareAseprite\PrepareAseprite.csproj", "{6FC4A3F9-ACDD-4A5C-BFF4-CD7CB5104E81}"
EndProject
Project("{9A19103F-16F7-4668-BE54-9A1E7A4F7556}") = "WSPipeServer", "src\PipeWebSocket\WSPipeServer.csproj", "{76B1967B-03CB-468C-B928-79E8556BCEAE}"
EndProject
Global
	GlobalSection(SolutionConfigurationPlatforms) = preSolution
		Debug|Any CPU = Debug|Any CPU
		Release|Any CPU = Release|Any CPU
	EndGlobalSection
	GlobalSection(ProjectConfigurationPlatforms) = postSolution
		{3B73104E-85C5-4DD3-BD43-056DD9FAC543}.Debug|Any CPU.ActiveCfg = Debug|Any CPU
		{3B73104E-85C5-4DD3-BD43-056DD9FAC543}.Debug|Any CPU.Build.0 = Debug|Any CPU
		{3B73104E-85C5-4DD3-BD43-056DD9FAC543}.Release|Any CPU.ActiveCfg = Release|Any CPU
		{3B73104E-85C5-4DD3-BD43-056DD9FAC543}.Release|Any CPU.Build.0 = Release|Any CPU
		{6FC4A3F9-ACDD-4A5C-BFF4-CD7CB5104E81}.Debug|Any CPU.ActiveCfg = Debug|Any CPU
		{6FC4A3F9-ACDD-4A5C-BFF4-CD7CB5104E81}.Debug|Any CPU.Build.0 = Debug|Any CPU
		{6FC4A3F9-ACDD-4A5C-BFF4-CD7CB5104E81}.Release|Any CPU.ActiveCfg = Release|Any CPU
		{6FC4A3F9-ACDD-4A5C-BFF4-CD7CB5104E81}.Release|Any CPU.Build.0 = Release|Any CPU
		{76B1967B-03CB-468C-B928-79E8556BCEAE}.Debug|Any CPU.ActiveCfg = Debug|Any CPU
		{76B1967B-03CB-468C-B928-79E8556BCEAE}.Debug|Any CPU.Build.0 = Debug|Any CPU
		{76B1967B-03CB-468C-B928-79E8556BCEAE}.Release|Any CPU.ActiveCfg = Release|Any CPU
		{76B1967B-03CB-468C-B928-79E8556BCEAE}.Release|Any CPU.Build.0 = Release|Any CPU
	EndGlobalSection
	GlobalSection(SolutionProperties) = preSolution
		HideSolutionNode = FALSE
	EndGlobalSection
	GlobalSection(ExtensibilityGlobals) = postSolution
		SolutionGuid = {7F204CA4-F3CB-4788-8CC3-A4230D6CFC00}
	EndGlobalSection
EndGlobal
